
Microsoft Visual Studio Solution File, Format Version 12.00
# Visual Studio Version 17
VisualStudioVersion = 17.10.35004.147
MinimumVisualStudioVersion = 10.0.40219.1
Project("{FAE04EC0-301F-11D3-BF4B-00C04F79EFBC}") = "Proyecto_Final", "Proyecto_Final\Proyecto_Final.csproj", "{AE1B7266-E553-4619-9B25-21C638643E5A}"
EndProject
Global
	GlobalSection(SolutionConfigurationPlatforms) = preSolution
		Debug|Any CPU = Debug|Any CPU
		Release|Any CPU = Release|Any CPU
	EndGlobalSection
	GlobalSection(ProjectConfigurationPlatforms) = postSolution
		{AE1B7266-E553-4619-9B25-21C638643E5A}.Debug|Any CPU.ActiveCfg = Debug|Any CPU
		{AE1B7266-E553-4619-9B25-21C638643E5A}.Debug|Any CPU.Build.0 = Debug|Any CPU
		{AE1B7266-E553-4619-9B25-21C638643E5A}.Release|Any CPU.ActiveCfg = Release|Any CPU
		{AE1B7266-E553-4619-9B25-21C638643E5A}.Release|Any CPU.Build.0 = Release|Any CPU
	EndGlobalSection
	GlobalSection(SolutionProperties) = preSolution
		HideSolutionNode = FALSE
	EndGlobalSection
	GlobalSection(ExtensibilityGlobals) = postSolution
		SolutionGuid = {2C819984-A032-4BB5-A2F4-6B47B5C0C9E3}
	EndGlobalSection
EndGlobal
